{
  "lockfileVersion": 1,
  "configVersion": 1,
  "workspaces": {
    "": {
      "name": "hamt-shared",
      "dependencies": {
        "@thi.ng/api": "^8.12.10",
        "@thi.ng/malloc": "^6.1.132",
        "cbor-x": "^1.6.0",
      },
      "devDependencies": {
        "assemblyscript": "^0.28.9",
        "immer": "^10.1.1",
        "immutable": "^5.1.4",
        "tinybench": "^6.0.0",
        "wabt": "^1.0.39",
      },
    },
  },
  "packages": {
    "@cbor-extract/cbor-extract-darwin-arm64": ["@cbor-extract/cbor-extract-darwin-arm64@2.2.0", "", { "os": "darwin", "cpu": "arm64" }, "sha512-P7swiOAdF7aSi0H+tHtHtr6zrpF3aAq/W9FXx5HektRvLTM2O89xCyXF3pk7pLc7QpaY7AoaE8UowVf9QBdh3w=="],

    "@cbor-extract/cbor-extract-darwin-x64": ["@cbor-extract/cbor-extract-darwin-x64@2.2.0", "", { "os": "darwin", "cpu": "x64" }, "sha512-1liF6fgowph0JxBbYnAS7ZlqNYLf000Qnj4KjqPNW4GViKrEql2MgZnAsExhY9LSy8dnvA4C0qHEBgPrll0z0w=="],

    "@cbor-extract/cbor-extract-linux-arm": ["@cbor-extract/cbor-extract-linux-arm@2.2.0", "", { "os": "linux", "cpu": "arm" }, "sha512-QeBcBXk964zOytiedMPQNZr7sg0TNavZeuUCD6ON4vEOU/25+pLhNN6EDIKJ9VLTKaZ7K7EaAriyYQ1NQ05s/Q=="],

    "@cbor-extract/cbor-extract-linux-arm64": ["@cbor-extract/cbor-extract-linux-arm64@2.2.0", "", { "os": "linux", "cpu": "arm64" }, "sha512-rQvhNmDuhjTVXSPFLolmQ47/ydGOFXtbR7+wgkSY0bdOxCFept1hvg59uiLPT2fVDuJFuEy16EImo5tE2x3RsQ=="],

    "@cbor-extract/cbor-extract-linux-x64": ["@cbor-extract/cbor-extract-linux-x64@2.2.0", "", { "os": "linux", "cpu": "x64" }, "sha512-cWLAWtT3kNLHSvP4RKDzSTX9o0wvQEEAj4SKvhWuOVZxiDAeQazr9A+PSiRILK1VYMLeDml89ohxCnUNQNQNCw=="],

    "@cbor-extract/cbor-extract-win32-x64": ["@cbor-extract/cbor-extract-win32-x64@2.2.0", "", { "os": "win32", "cpu": "x64" }, "sha512-l2M+Z8DO2vbvADOBNLbbh9y5ST1RY5sqkWOg/58GkUPBYou/cuNZ68SGQ644f1CvZ8kcOxyZtw06+dxWHIoN/w=="],

    "@thi.ng/api": ["@thi.ng/api@8.12.10", "", {}, "sha512-JWjQbp6R4uA55CzQdZ2avlWivYZvQYd4IJo7GI+edlQMd9qW59X/jgIDLinOQtdP5e+JygaphPWlKkH3sBazKQ=="],

    "@thi.ng/binary": ["@thi.ng/binary@3.5.0", "", { "dependencies": { "@thi.ng/api": "^8.12.10" } }, "sha512-RIZqTw0X3pjKChxrO15Nf2W7/Ufab7ITsYSGzWQND05easYR/QswIzPBnZP4YL3gTbqNuywN/RffmBqBZEQzUg=="],

    "@thi.ng/checks": ["@thi.ng/checks@3.8.0", "", {}, "sha512-iHe53YlKOUIek+SERTs0RK1vZ7NF0Jvn5pT00MTEPTa7JHS1K12yZksTerbPxeVoBooG2gkJcXNBerDGvenIbg=="],

    "@thi.ng/errors": ["@thi.ng/errors@2.5.50", "", {}, "sha512-81I9IHwrCAHpfzEVMaJQpRYaq87MvIXi7YQ/wccKSxtiaz4IpB8dz3zwds33Oy9g+v+6nQbahZ02+syhKFYSXQ=="],

    "@thi.ng/malloc": ["@thi.ng/malloc@6.1.132", "", { "dependencies": { "@thi.ng/api": "^8.12.10", "@thi.ng/binary": "^3.5.0", "@thi.ng/checks": "^3.8.0", "@thi.ng/errors": "^2.5.50" } }, "sha512-aPoqccVEBthiCdEe34us7y7HFvuqq8Fh8kH1F2FhVGncnRXiXQ8fH8BpYTvvn5CfI8csdX/idKtgMJlAxlhoDw=="],

    "assemblyscript": ["assemblyscript@0.28.9", "", { "dependencies": { "binaryen": "123.0.0-nightly.20250530", "long": "^5.2.4" }, "bin": { "asc": "bin/asc.js", "asinit": "bin/asinit.js" } }, "sha512-UQqIYSUuJzqQP6fKTs1CtanyxmnDk7K+Kmj/J67agimxDqxjdMnTF/y9rEHUBL+K/VIEV4QYu57RMrL5LwbAvw=="],

    "binaryen": ["binaryen@123.0.0-nightly.20250530", "", { "bin": { "wasm-as": "bin/wasm-as", "wasm2js": "bin/wasm2js", "wasm-dis": "bin/wasm-dis", "wasm-opt": "bin/wasm-opt", "wasm-merge": "bin/wasm-merge", "wasm-shell": "bin/wasm-shell", "wasm-reduce": "bin/wasm-reduce", "wasm-metadce": "bin/wasm-metadce", "wasm-ctor-eval": "bin/wasm-ctor-eval" } }, "sha512-d1zPHBN5YlOd3Ff+OUxvVExuFeh8heSnqe+X3bjItFxGLvn4VGBKmrvv7pgy/cRhrIUGuPW138iaWfDhwjyDqg=="],

    "cbor-extract": ["cbor-extract@2.2.0", "", { "dependencies": { "node-gyp-build-optional-packages": "5.1.1" }, "optionalDependencies": { "@cbor-extract/cbor-extract-darwin-arm64": "2.2.0", "@cbor-extract/cbor-extract-darwin-x64": "2.2.0", "@cbor-extract/cbor-extract-linux-arm": "2.2.0", "@cbor-extract/cbor-extract-linux-arm64": "2.2.0", "@cbor-extract/cbor-extract-linux-x64": "2.2.0", "@cbor-extract/cbor-extract-win32-x64": "2.2.0" }, "bin": { "download-cbor-prebuilds": "bin/download-prebuilds.js" } }, "sha512-Ig1zM66BjLfTXpNgKpvBePq271BPOvu8MR0Jl080yG7Jsl+wAZunfrwiwA+9ruzm/WEdIV5QF/bjDZTqyAIVHA=="],

    "cbor-x": ["cbor-x@1.6.0", "", { "optionalDependencies": { "cbor-extract": "^2.2.0" } }, "sha512-0kareyRwHSkL6ws5VXHEf8uY1liitysCVJjlmhaLG+IXLqhSaOO+t63coaso7yjwEzWZzLy8fJo06gZDVQM9Qg=="],

    "detect-libc": ["detect-libc@2.1.2", "", {}, "sha512-Btj2BOOO83o3WyH59e8MgXsxEQVcarkUOpEYrubB0urwnN10yQ364rsiByU11nZlqWYZm05i/of7io4mzihBtQ=="],

    "immer": ["immer@10.2.0", "", {}, "sha512-d/+XTN3zfODyjr89gM3mPq1WNX2B8pYsu7eORitdwyA2sBubnTl3laYlBk4sXY5FUa5qTZGBDPJICVbvqzjlbw=="],

    "immutable": ["immutable@5.1.4", "", {}, "sha512-p6u1bG3YSnINT5RQmx/yRZBpenIl30kVxkTLDyHLIMk0gict704Q9n+thfDI7lTRm9vXdDYutVzXhzcThxTnXA=="],

    "long": ["long@5.3.2", "", {}, "sha512-mNAgZ1GmyNhD7AuqnTG3/VQ26o760+ZYBPKjPvugO8+nLbYfX6TVpJPseBvopbdY+qpZ/lKUnmEc1LeZYS3QAA=="],

    "node-gyp-build-optional-packages": ["node-gyp-build-optional-packages@5.1.1", "", { "dependencies": { "detect-libc": "^2.0.1" }, "bin": { "node-gyp-build-optional-packages": "bin.js", "node-gyp-build-optional-packages-test": "build-test.js", "node-gyp-build-optional-packages-optional": "optional.js" } }, "sha512-+P72GAjVAbTxjjwUmwjVrqrdZROD4nf8KgpBoDxqXXTiYZZt/ud60dE5yvCSr9lRO8e8yv6kgJIC0K0PfZFVQw=="],

    "tinybench": ["tinybench@6.0.0", "", {}, "sha512-BWlWpVbbZXaYjRV0twGLNQO00Zj4HA/sjLOQP2IvzQqGwRGp+2kh7UU3ijyJ3ywFRogYDRbiHDMrUOfaMnN56g=="],

    "wabt": ["wabt@1.0.39", "", { "bin": { "wasm2c": "bin/wasm2c", "wasm2wat": "bin/wasm2wat", "wat2wasm": "bin/wat2wasm", "wasm-stats": "bin/wasm-stats", "wasm-strip": "bin/wasm-strip", "wasm-interp": "bin/wasm-interp", "wasm-objdump": "bin/wasm-objdump", "wasm-validate": "bin/wasm-validate", "wasm-decompile": "bin/wasm-decompile" } }, "sha512-ba+dRL/75VQQY7RkU/CgriGbkoWAfS8TDyUlJfJhJ8KhtXgMl5dhNvoPNUcQ9IWRhW8u41glMSuZeTvsYq2rRg=="],
  }
}
